
Microsoft Visual Studio Solution File, Format Version 12.00
# Visual Studio 15
Project("{FAE04EC0-301F-11D3-BF4B-00C04F79EFBC}") = "Assembly-CSharp", "Assembly-CSharp.csproj", "{8BD10FB5-A18C-0C6A-C629-F6D72571D574}"
EndProject
Project("{FAE04EC0-301F-11D3-BF4B-00C04F79EFBC}") = "Assembly-CSharp-Editor", "Assembly-CSharp-Editor.csproj", "{1F343DD5-3E58-FBF6-2966-4104FF0670FA}"
EndProject
Global
	GlobalSection(SolutionConfigurationPlatforms) = preSolution
		Debug|Any CPU = Debug|Any CPU
		Release|Any CPU = Release|Any CPU
	EndGlobalSection
	GlobalSection(ProjectConfigurationPlatforms) = postSolution
		{8BD10FB5-A18C-0C6A-C629-F6D72571D574}.Debug|Any CPU.ActiveCfg = Debug|Any CPU
		{8BD10FB5-A18C-0C6A-C629-F6D72571D574}.Debug|Any CPU.Build.0 = Debug|Any CPU
		{8BD10FB5-A18C-0C6A-C629-F6D72571D574}.Release|Any CPU.ActiveCfg = Release|Any CPU
		{8BD10FB5-A18C-0C6A-C629-F6D72571D574}.Release|Any CPU.Build.0 = Release|Any CPU
		{1F343DD5-3E58-FBF6-2966-4104FF0670FA}.Debug|Any CPU.ActiveCfg = Debug|Any CPU
		{1F343DD5-3E58-FBF6-2966-4104FF0670FA}.Debug|Any CPU.Build.0 = Debug|Any CPU
		{1F343DD5-3E58-FBF6-2966-4104FF0670FA}.Release|Any CPU.ActiveCfg = Release|Any CPU
		{1F343DD5-3E58-FBF6-2966-4104FF0670FA}.Release|Any CPU.Build.0 = Release|Any CPU
	EndGlobalSection
	GlobalSection(SolutionProperties) = preSolution
		HideSolutionNode = FALSE
	EndGlobalSection
EndGlobal
